
Microsoft Visual Studio Solution File, Format Version 12.00
# Visual Studio Version 17
VisualStudioVersion = 17.7.34024.191
MinimumVisualStudioVersion = 10.0.40219.1
Project("{FAE04EC0-301F-11D3-BF4B-00C04F79EFBC}") = "Kourse", "Kourse\Kourse.csproj", "{2BCD55C5-1032-410F-99FF-4B56EBDD5953}"
EndProject
Global
	GlobalSection(SolutionConfigurationPlatforms) = preSolution
		Debug|Any CPU = Debug|Any CPU
		Release|Any CPU = Release|Any CPU
	EndGlobalSection
	GlobalSection(ProjectConfigurationPlatforms) = postSolution
		{2BCD55C5-1032-410F-99FF-4B56EBDD5953}.Debug|Any CPU.ActiveCfg = Debug|Any CPU
		{2BCD55C5-1032-410F-99FF-4B56EBDD5953}.Debug|Any CPU.Build.0 = Debug|Any CPU
		{2BCD55C5-1032-410F-99FF-4B56EBDD5953}.Release|Any CPU.ActiveCfg = Release|Any CPU
		{2BCD55C5-1032-410F-99FF-4B56EBDD5953}.Release|Any CPU.Build.0 = Release|Any CPU
	EndGlobalSection
	GlobalSection(SolutionProperties) = preSolution
		HideSolutionNode = FALSE
	EndGlobalSection
	GlobalSection(ExtensibilityGlobals) = postSolution
		SolutionGuid = {6922E5C6-F8E9-461F-AEB7-AAA5171CA5D5}
	EndGlobalSection
EndGlobal
